DEPENDENCIES
  composer
    git: https://github.com/Morphodo/chef-composer.git
    revision: 27cb886029fc28e08ca80ab0b15408b412bb09b7
  php5-ppa
    git: https://github.com/alt3/chef-php5-ppa.git
    revision: d9c2249581d0e4f17d8c4cc7820ca39f49dd439e
  phpcs
    path: .
    metadata: true

GRAPH
  apt (2.6.0)
  composer (0.2.1)
  php5-ppa (1.0.0)
    apt (>= 0.0.0)
  phpcs (1.0.0)
    composer (>= 0.0.0)
