DEPENDENCIES
  composer
    git: https://github.com/Morphodo/chef-composer.git
    revision: 92aee6313fc47dfd51b45c176b7efe41c767c57d
  php5-ppa
    git: https://github.com/alt3/chef-php5-ppa.git
    revision: 3752532f84d24f64796b56f9b2ffac0fbe429931
  phpcs
    path: .
    metadata: true

GRAPH
  apt (2.6.0)
  composer (0.2.1)
  php5-ppa (1.0.0)
    apt (>= 0.0.0)
  phpcs (1.0.0)
    composer (>= 0.0.0)
